<?xml version="1.0" encoding="UTF-8"?>
<Project ToolsVersion="14.0" xmlns="http://schemas.microsoft.com/developer/msbuild/2003">
  <ItemGroup>
    <CustomBuild Include="C:\TweetDeckPlayer\CMakeFiles\fc1fd029660683e63dcd004c8afcb054\generate.stamp.rule">
      <Filter>CMake Rules</Filter>
    </CustomBuild>
  </ItemGroup>
  <ItemGroup>
    <Filter Include="CMake Rules">
      <UniqueIdentifier>{C60CEE97-3631-3E2D-8B37-97A8CA00BE87}</UniqueIdentifier>
    </Filter>
  </ItemGroup>
</Project>
